
Microsoft Visual Studio Solution File, Format Version 12.00
# Visual Studio Version 17
VisualStudioVersion = 17.7.34024.191
MinimumVisualStudioVersion = 10.0.40219.1
Project("{FAE04EC0-301F-11D3-BF4B-00C04F79EFBC}") = "MyTask", "MyTask\MyTask.csproj", "{CC85B8CC-BB1B-498F-A861-278C536F14EB}"
EndProject
Global
	GlobalSection(SolutionConfigurationPlatforms) = preSolution
		Debug|Any CPU = Debug|Any CPU
		Release|Any CPU = Release|Any CPU
	EndGlobalSection
	GlobalSection(ProjectConfigurationPlatforms) = postSolution
		{CC85B8CC-BB1B-498F-A861-278C536F14EB}.Debug|Any CPU.ActiveCfg = Debug|Any CPU
		{CC85B8CC-BB1B-498F-A861-278C536F14EB}.Debug|Any CPU.Build.0 = Debug|Any CPU
		{CC85B8CC-BB1B-498F-A861-278C536F14EB}.Release|Any CPU.ActiveCfg = Release|Any CPU
		{CC85B8CC-BB1B-498F-A861-278C536F14EB}.Release|Any CPU.Build.0 = Release|Any CPU
	EndGlobalSection
	GlobalSection(SolutionProperties) = preSolution
		HideSolutionNode = FALSE
	EndGlobalSection
	GlobalSection(ExtensibilityGlobals) = postSolution
		SolutionGuid = {F790CC58-3824-40A2-853D-0AE1799578D9}
	EndGlobalSection
EndGlobal
